// !$*UTF8*$!
{
	archiveVersion = 1;
	classes = {
	};
	objectVersion = 46;
	objects = {

/* Begin PBXBuildFile section */
		1862E3161DC13877009645BF /* AppDelegate.swift in Sources */ = {isa = PBXBuildFile; fileRef = 1862E3151DC13877009645BF /* AppDelegate.swift */; };
		1862E31B1DC13877009645BF /* Main.storyboard in Resources */ = {isa = PBXBuildFile; fileRef = 1862E3191DC13877009645BF /* Main.storyboard */; };
		1862E31D1DC13877009645BF /* Assets.xcassets in Resources */ = {isa = PBXBuildFile; fileRef = 1862E31C1DC13877009645BF /* Assets.xcassets */; };
		1862E3201DC13877009645BF /* LaunchScreen.storyboard in Resources */ = {isa = PBXBuildFile; fileRef = 1862E31E1DC13877009645BF /* LaunchScreen.storyboard */; };
		1862E3281DC13960009645BF /* TimelinePageViewController.swift in Sources */ = {isa = PBXBuildFile; fileRef = 1862E3271DC13960009645BF /* TimelinePageViewController.swift */; };
		1862E32A1DC13B75009645BF /* PostContent.swift in Sources */ = {isa = PBXBuildFile; fileRef = 1862E3291DC13B75009645BF /* PostContent.swift */; };
		18B7A9B11DC1442500351392 /* HeaderCell.swift in Sources */ = {isa = PBXBuildFile; fileRef = 18B7A9B01DC1442500351392 /* HeaderCell.swift */; };
		18B7A9B31DC149B900351392 /* Post.swift in Sources */ = {isa = PBXBuildFile; fileRef = 18B7A9B21DC149B900351392 /* Post.swift */; };
/* End PBXBuildFile section */

/* Begin PBXFileReference section */
		1862E3121DC13877009645BF /* WhatOutfitTimelinePage.app */ = {isa = PBXFileReference; explicitFileType = wrapper.application; includeInIndex = 0; path = WhatOutfitTimelinePage.app; sourceTree = BUILT_PRODUCTS_DIR; };
		1862E3151DC13877009645BF /* AppDelegate.swift */ = {isa = PBXFileReference; lastKnownFileType = sourcecode.swift; path = AppDelegate.swift; sourceTree = "<group>"; };
		1862E31A1DC13877009645BF /* Base */ = {isa = PBXFileReference; lastKnownFileType = file.storyboard; name = Base; path = Base.lproj/Main.storyboard; sourceTree = "<group>"; };
		1862E31C1DC13877009645BF /* Assets.xcassets */ = {isa = PBXFileReference; lastKnownFileType = folder.assetcatalog; path = Assets.xcassets; sourceTree = "<group>"; };
		1862E31F1DC13877009645BF /* Base */ = {isa = PBXFileReference; lastKnownFileType = file.storyboard; name = Base; path = Base.lproj/LaunchScreen.storyboard; sourceTree = "<group>"; };
		1862E3211DC13877009645BF /* Info.plist */ = {isa = PBXFileReference; lastKnownFileType = text.plist.xml; path = Info.plist; sourceTree = "<group>"; };
		1862E3271DC13960009645BF /* TimelinePageViewController.swift */ = {isa = PBXFileReference; fileEncoding = 4; lastKnownFileType = sourcecode.swift; path = TimelinePageViewController.swift; sourceTree = "<group>"; };
		1862E3291DC13B75009645BF /* PostContent.swift */ = {isa = PBXFileReference; fileEncoding = 4; lastKnownFileType = sourcecode.swift; path = PostContent.swift; sourceTree = "<group>"; };
		18B7A9B01DC1442500351392 /* HeaderCell.swift */ = {isa = PBXFileReference; fileEncoding = 4; lastKnownFileType = sourcecode.swift; path = HeaderCell.swift; sourceTree = "<group>"; };
		18B7A9B21DC149B900351392 /* Post.swift */ = {isa = PBXFileReference; fileEncoding = 4; lastKnownFileType = sourcecode.swift; path = Post.swift; sourceTree = "<group>"; };
/* End PBXFileReference section */

/* Begin PBXFrameworksBuildPhase section */
		1862E30F1DC13876009645BF /* Frameworks */ = {
			isa = PBXFrameworksBuildPhase;
			buildActionMask = 2147483647;
			files = (
			);
			runOnlyForDeploymentPostprocessing = 0;
		};
/* End PBXFrameworksBuildPhase section */

/* Begin PBXGroup section */
		1862E3091DC13875009645BF = {
			isa = PBXGroup;
			children = (
				1862E3141DC13877009645BF /* WhatOutfitTimelinePage */,
				1862E3131DC13877009645BF /* Products */,
			);
			sourceTree = "<group>";
		};
		1862E3131DC13877009645BF /* Products */ = {
			isa = PBXGroup;
			children = (
				1862E3121DC13877009645BF /* WhatOutfitTimelinePage.app */,
			);
			name = Products;
			sourceTree = "<group>";
		};
		1862E3141DC13877009645BF /* WhatOutfitTimelinePage */ = {
			isa = PBXGroup;
			children = (
				1862E3151DC13877009645BF /* AppDelegate.swift */,
				1862E3191DC13877009645BF /* Main.storyboard */,
				1862E31C1DC13877009645BF /* Assets.xcassets */,
				1862E31E1DC13877009645BF /* LaunchScreen.storyboard */,
				1862E3211DC13877009645BF /* Info.plist */,
				1862E3291DC13B75009645BF /* PostContent.swift */,
				1862E3271DC13960009645BF /* TimelinePageViewController.swift */,
				18B7A9B01DC1442500351392 /* HeaderCell.swift */,
				18B7A9B21DC149B900351392 /* Post.swift */,
			);
			path = WhatOutfitTimelinePage;
			sourceTree = "<group>";
		};
/* End PBXGroup section */

/* Begin PBXNativeTarget section */
		1862E3111DC13876009645BF /* WhatOutfitTimelinePage */ = {
			isa = PBXNativeTarget;
			buildConfigurationList = 1862E3241DC13877009645BF /* Build configuration list for PBXNativeTarget "WhatOutfitTimelinePage" */;
			buildPhases = (
				1862E30E1DC13876009645BF /* Sources */,
				1862E30F1DC13876009645BF /* Frameworks */,
				1862E3101DC13876009645BF /* Resources */,
			);
			buildRules = (
			);
			dependencies = (
			);
			name = WhatOutfitTimelinePage;
			productName = WhatOutfitTimelinePage;
			productReference = 1862E3121DC13877009645BF /* WhatOutfitTimelinePage.app */;
			productType = "com.apple.product-type.application";
		};
/* End PBXNativeTarget section */

/* Begin PBXProject section */
		1862E30A1DC13876009645BF /* Project object */ = {
			isa = PBXProject;
			attributes = {
				LastSwiftUpdateCheck = 0800;
				LastUpgradeCheck = 0800;
				ORGANIZATIONNAME = Becarefullee;
				TargetAttributes = {
					1862E3111DC13876009645BF = {
						CreatedOnToolsVersion = 8.0;
						DevelopmentTeam = 925J98MCXZ;
						ProvisioningStyle = Automatic;
					};
				};
			};
			buildConfigurationList = 1862E30D1DC13876009645BF /* Build configuration list for PBXProject "WhatOutfitTimelinePage" */;
			compatibilityVersion = "Xcode 3.2";
			developmentRegion = English;
			hasScannedForEncodings = 0;
			knownRegions = (
				en,
				Base,
			);
			mainGroup = 1862E3091DC13875009645BF;
			productRefGroup = 1862E3131DC13877009645BF /* Products */;
			projectDirPath = "";
			projectRoot = "";
			targets = (
				1862E3111DC13876009645BF /* WhatOutfitTimelinePage */,
			);
		};
/* End PBXProject section */

/* Begin PBXResourcesBuildPhase section */
		1862E3101DC13876009645BF /* Resources */ = {
			isa = PBXResourcesBuildPhase;
			buildActionMask = 2147483647;
			files = (
				1862E3201DC13877009645BF /* LaunchScreen.storyboard in Resources */,
				1862E31D1DC13877009645BF /* Assets.xcassets in Resources */,
				1862E31B1DC13877009645BF /* Main.storyboard in Resources */,
			);
			runOnlyForDeploymentPostprocessing = 0;
		};
/* End PBXResourcesBuildPhase section */

/* Begin PBXSourcesBuildPhase section */
		1862E30E1DC13876009645BF /* Sources */ = {
			isa = PBXSourcesBuildPhase;
			buildActionMask = 2147483647;
			files = (
				18B7A9B11DC1442500351392 /* HeaderCell.swift in Sources */,
				1862E32A1DC13B75009645BF /* PostContent.swift in Sources */,
				1862E3281DC13960009645BF /* TimelinePageViewController.swift in Sources */,
				1862E3161DC13877009645BF /* AppDelegate.swift in Sources */,
				18B7A9B31DC149B900351392 /* Post.swift in Sources */,
			);
			runOnlyForDeploymentPostprocessing = 0;
		};
/* End PBXSourcesBuildPhase section */

/* Begin PBXVariantGroup section */
		1862E3191DC13877009645BF /* Main.storyboard */ = {
			isa = PBXVariantGroup;
			children = (
				1862E31A1DC13877009645BF /* Base */,
			);
			name = Main.storyboard;
			sourceTree = "<group>";
		};
		1862E31E1DC13877009645BF /* LaunchScreen.storyboard */ = {
			isa = PBXVariantGroup;
			children = (
				1862E31F1DC13877009645BF /* Base */,
			);
			name = LaunchScreen.storyboard;
			sourceTree = "<group>";
		};
/* End PBXVariantGroup section */

/* Begin XCBuildConfiguration section */
		1862E3221DC13877009645BF /* Debug */ = {
			isa = XCBuildConfiguration;
			buildSettings = {
				ALWAYS_SEARCH_USER_PATHS = NO;
				CLANG_ANALYZER_NONNULL = YES;
				CLANG_CXX_LANGUAGE_STANDARD = "gnu++0x";
				CLANG_CXX_LIBRARY = "libc++";
				CLANG_ENABLE_MODULES = YES;
				CLANG_ENABLE_OBJC_ARC = YES;
				CLANG_WARN_BOOL_CONVERSION = YES;
				CLANG_WARN_CONSTANT_CONVERSION = YES;
				CLANG_WARN_DIRECT_OBJC_ISA_USAGE = YES_ERROR;
				CLANG_WARN_DOCUMENTATION_COMMENTS = YES;
				CLANG_WARN_EMPTY_BODY = YES;
				CLANG_WARN_ENUM_CONVERSION = YES;
				CLANG_WARN_INFINITE_RECURSION = YES;
				CLANG_WARN_INT_CONVERSION = YES;
				CLANG_WARN_OBJC_ROOT_CLASS = YES_ERROR;
				CLANG_WARN_SUSPICIOUS_MOVES = YES;
				CLANG_WARN_UNREACHABLE_CODE = YES;
				CLANG_WARN__DUPLICATE_METHOD_MATCH = YES;
				"CODE_SIGN_IDENTITY[sdk=iphoneos*]" = "iPhone Developer";
				COPY_PHASE_STRIP = NO;
				DEBUG_INFORMATION_FORMAT = dwarf;
				ENABLE_STRICT_OBJC_MSGSEND = YES;
				ENABLE_TESTABILITY = YES;
				GCC_C_LANGUAGE_STANDARD = gnu99;
				GCC_DYNAMIC_NO_PIC = NO;
				GCC_NO_COMMON_BLOCKS = YES;
				GCC_OPTIMIZATION_LEVEL = 0;
				GCC_PREPROCESSOR_DEFINITIONS = (
					"DEBUG=1",
					"$(inherited)",
				);
				GCC_WARN_64_TO_32_BIT_CONVERSION = YES;
				GCC_WARN_ABOUT_RETURN_TYPE = YES_ERROR;
				GCC_WARN_UNDECLARED_SELECTOR = YES;
				GCC_WARN_UNINITIALIZED_AUTOS = YES_AGGRESSIVE;
				GCC_WARN_UNUSED_FUNCTION = YES;
				GCC_WARN_UNUSED_VARIABLE = YES;
				IPHONEOS_DEPLOYMENT_TARGET = 10.0;
				MTL_ENABLE_DEBUG_INFO = YES;
				ONLY_ACTIVE_ARCH = YES;
				SDKROOT = iphoneos;
				SWIFT_ACTIVE_COMPILATION_CONDITIONS = DEBUG;
				SWIFT_OPTIMIZATION_LEVEL = "-Onone";
				TARGETED_DEVICE_FAMILY = "1,2";
			};
			name = Debug;
		};
		1862E3231DC13877009645BF /* Release */ = {
			isa = XCBuildConfiguration;
			buildSettings = {
				ALWAYS_SEARCH_USER_PATHS = NO;
				CLANG_ANALYZER_NONNULL = YES;
				CLANG_CXX_LANGUAGE_STANDARD = "gnu++0x";
				CLANG_CXX_LIBRARY = "libc++";
				CLANG_ENABLE_MODULES = YES;
				CLANG_ENABLE_OBJC_ARC = YES;
				CLANG_WARN_BOOL_CONVERSION = YES;
				CLANG_WARN_CONSTANT_CONVERSION = YES;
				CLANG_WARN_DIRECT_OBJC_ISA_USAGE = YES_ERROR;
				CLANG_WARN_DOCUMENTATION_COMMENTS = YES;
				CLANG_WARN_EMPTY_BODY = YES;
				CLANG_WARN_ENUM_CONVERSION = YES;
				CLANG_WARN_INFINITE_RECURSION = YES;
				CLANG_WARN_INT_CONVERSION = YES;
				CLANG_WARN_OBJC_ROOT_CLASS = YES_ERROR;
				CLANG_WARN_SUSPICIOUS_MOVES = YES;
				CLANG_WARN_UNREACHABLE_CODE = YES;
				CLANG_WARN__DUPLICATE_METHOD_MATCH = YES;
				"CODE_SIGN_IDENTITY[sdk=iphoneos*]" = "iPhone Developer";
				COPY_PHASE_STRIP = NO;
				DEBUG_INFORMATION_FORMAT = "dwarf-with-dsym";
				ENABLE_NS_ASSERTIONS = NO;
				ENABLE_STRICT_OBJC_MSGSEND = YES;
				GCC_C_LANGUAGE_STANDARD = gnu99;
				GCC_NO_COMMON_BLOCKS = YES;
				GCC_WARN_64_TO_32_BIT_CONVERSION = YES;
				GCC_WARN_ABOUT_RETURN_TYPE = YES_ERROR;
				GCC_WARN_UNDECLARED_SELECTOR = YES;
				GCC_WARN_UNINITIALIZED_AUTOS = YES_AGGRESSIVE;
				GCC_WARN_UNUSED_FUNCTION = YES;
				GCC_WARN_UNUSED_VARIABLE = YES;
				IPHONEOS_DEPLOYMENT_TARGET = 10.0;
				MTL_ENABLE_DEBUG_INFO = NO;
				SDKROOT = iphoneos;
				SWIFT_OPTIMIZATION_LEVEL = "-Owholemodule";
				TARGETED_DEVICE_FAMILY = "1,2";
				VALIDATE_PRODUCT = YES;
			};
			name = Release;
		};
		1862E3251DC13877009645BF /* Debug */ = {
			isa = XCBuildConfiguration;
			buildSettings = {
				ASSETCATALOG_COMPILER_APPICON_NAME = AppIcon;
				DEVELOPMENT_TEAM = 925J98MCXZ;
				INFOPLIST_FILE = WhatOutfitTimelinePage/Info.plist;
				IPHONEOS_DEPLOYMENT_TARGET = 9.0;
				LD_RUNPATH_SEARCH_PATHS = "$(inherited) @executable_path/Frameworks";
				PRODUCT_BUNDLE_IDENTIFIER = com.Becarefullee;
				PRODUCT_NAME = "$(TARGET_NAME)";
				SWIFT_VERSION = 3.0;
			};
			name = Debug;
		};
		1862E3261DC13877009645BF /* Release */ = {
			isa = XCBuildConfiguration;
			buildSettings = {
				ASSETCATALOG_COMPILER_APPICON_NAME = AppIcon;
				DEVELOPMENT_TEAM = 925J98MCXZ;
				INFOPLIST_FILE = WhatOutfitTimelinePage/Info.plist;
				IPHONEOS_DEPLOYMENT_TARGET = 9.0;
				LD_RUNPATH_SEARCH_PATHS = "$(inherited) @executable_path/Frameworks";
				PRODUCT_BUNDLE_IDENTIFIER = com.Becarefullee;
				PRODUCT_NAME = "$(TARGET_NAME)";
				SWIFT_VERSION = 3.0;
			};
			name = Release;
		};
/* End XCBuildConfiguration section */

/* Begin XCConfigurationList section */
		1862E30D1DC13876009645BF /* Build configuration list for PBXProject "WhatOutfitTimelinePage" */ = {
			isa = XCConfigurationList;
			buildConfigurations = (
				1862E3221DC13877009645BF /* Debug */,
				1862E3231DC13877009645BF /* Release */,
			);
			defaultConfigurationIsVisible = 0;
			defaultConfigurationName = Release;
		};
		1862E3241DC13877009645BF /* Build configuration list for PBXNativeTarget "WhatOutfitTimelinePage" */ = {
			isa = XCConfigurationList;
			buildConfigurations = (
				1862E3251DC13877009645BF /* Debug */,
				1862E3261DC13877009645BF /* Release */,
			);
			defaultConfigurationIsVisible = 0;
			defaultConfigurationName = Release;
		};
/* End XCConfigurationList section */
	};
	rootObject = 1862E30A1DC13876009645BF /* Project object */;
}
